
Microsoft Visual Studio Solution File, Format Version 12.00
# Visual Studio 14
VisualStudioVersion = 14.0.25420.1
MinimumVisualStudioVersion = 10.0.40219.1
Project("{FAE04EC0-301F-11D3-BF4B-00C04F79EFBC}") = "XProtobufWinform", "XProtobufWinform\XProtobufWinform.csproj", "{F1859651-6D97-4408-AA1D-43B80DD2138D}"
EndProject
Project("{FAE04EC0-301F-11D3-BF4B-00C04F79EFBC}") = "XProtobuf", "XProtobuf\XProtobuf.csproj", "{0BFE5A9C-438D-488F-B7CD-B8FFB71239E2}"
EndProject
Project("{FAE04EC0-301F-11D3-BF4B-00C04F79EFBC}") = "XSerialize", "XSerialize\XSerialize.csproj", "{91CBBB7E-0CBA-4FCB-8D10-D80CEB93288F}"
EndProject
Global
	GlobalSection(SolutionConfigurationPlatforms) = preSolution
		Debug|Any CPU = Debug|Any CPU
		Release|Any CPU = Release|Any CPU
	EndGlobalSection
	GlobalSection(ProjectConfigurationPlatforms) = postSolution
		{F1859651-6D97-4408-AA1D-43B80DD2138D}.Debug|Any CPU.ActiveCfg = Debug|Any CPU
		{F1859651-6D97-4408-AA1D-43B80DD2138D}.Debug|Any CPU.Build.0 = Debug|Any CPU
		{F1859651-6D97-4408-AA1D-43B80DD2138D}.Release|Any CPU.ActiveCfg = Release|Any CPU
		{F1859651-6D97-4408-AA1D-43B80DD2138D}.Release|Any CPU.Build.0 = Release|Any CPU
		{0BFE5A9C-438D-488F-B7CD-B8FFB71239E2}.Debug|Any CPU.ActiveCfg = Debug|Any CPU
		{0BFE5A9C-438D-488F-B7CD-B8FFB71239E2}.Debug|Any CPU.Build.0 = Debug|Any CPU
		{0BFE5A9C-438D-488F-B7CD-B8FFB71239E2}.Release|Any CPU.ActiveCfg = Release|Any CPU
		{0BFE5A9C-438D-488F-B7CD-B8FFB71239E2}.Release|Any CPU.Build.0 = Release|Any CPU
		{91CBBB7E-0CBA-4FCB-8D10-D80CEB93288F}.Debug|Any CPU.ActiveCfg = Debug|Any CPU
		{91CBBB7E-0CBA-4FCB-8D10-D80CEB93288F}.Debug|Any CPU.Build.0 = Debug|Any CPU
		{91CBBB7E-0CBA-4FCB-8D10-D80CEB93288F}.Release|Any CPU.ActiveCfg = Release|Any CPU
		{91CBBB7E-0CBA-4FCB-8D10-D80CEB93288F}.Release|Any CPU.Build.0 = Release|Any CPU
	EndGlobalSection
	GlobalSection(SolutionProperties) = preSolution
		HideSolutionNode = FALSE
	EndGlobalSection
EndGlobal
